
Microsoft Visual Studio Solution File, Format Version 11.00
# Visual Studio 2010
Project("{FAE04EC0-301F-11D3-BF4B-00C04F79EFBC}") = "ReadTXT", "ReadTXT\ReadTXT.csproj", "{BC13D502-2F85-46F1-867F-C22225E2E330}"
EndProject
Global
	GlobalSection(SolutionConfigurationPlatforms) = preSolution
		Debug|x86 = Debug|x86
		Release|x86 = Release|x86
	EndGlobalSection
	GlobalSection(ProjectConfigurationPlatforms) = postSolution
		{BC13D502-2F85-46F1-867F-C22225E2E330}.Debug|x86.ActiveCfg = Debug|x86
		{BC13D502-2F85-46F1-867F-C22225E2E330}.Debug|x86.Build.0 = Debug|x86
		{BC13D502-2F85-46F1-867F-C22225E2E330}.Release|x86.ActiveCfg = Release|x86
		{BC13D502-2F85-46F1-867F-C22225E2E330}.Release|x86.Build.0 = Release|x86
	EndGlobalSection
	GlobalSection(SolutionProperties) = preSolution
		HideSolutionNode = FALSE
	EndGlobalSection
EndGlobal
